
Microsoft Visual Studio Solution File, Format Version 12.00
# Visual Studio 15
VisualStudioVersion = 15.0.28010.2050
MinimumVisualStudioVersion = 10.0.40219.1
Project("{FAE04EC0-301F-11D3-BF4B-00C04F79EFBC}") = "Cw916153", "Cw916153\Cw916153.csproj", "{7A4CAEDD-383F-4E36-8896-C5C502EBDF06}"
EndProject
Global
	GlobalSection(SolutionConfigurationPlatforms) = preSolution
		Debug|Any CPU = Debug|Any CPU
		Release|Any CPU = Release|Any CPU
	EndGlobalSection
	GlobalSection(ProjectConfigurationPlatforms) = postSolution
		{7A4CAEDD-383F-4E36-8896-C5C502EBDF06}.Debug|Any CPU.ActiveCfg = Debug|Any CPU
		{7A4CAEDD-383F-4E36-8896-C5C502EBDF06}.Debug|Any CPU.Build.0 = Debug|Any CPU
		{7A4CAEDD-383F-4E36-8896-C5C502EBDF06}.Release|Any CPU.ActiveCfg = Release|Any CPU
		{7A4CAEDD-383F-4E36-8896-C5C502EBDF06}.Release|Any CPU.Build.0 = Release|Any CPU
	EndGlobalSection
	GlobalSection(SolutionProperties) = preSolution
		HideSolutionNode = FALSE
	EndGlobalSection
	GlobalSection(ExtensibilityGlobals) = postSolution
		SolutionGuid = {07C00FFB-B38F-4E45-B0D2-AA9FBBA6F83C}
	EndGlobalSection
EndGlobal
